
Microsoft Visual Studio Solution File, Format Version 12.00
# Visual Studio Version 16
VisualStudioVersion = 16.0.29215.179
MinimumVisualStudioVersion = 10.0.40219.1
Project("{8BC9CEB8-8B4A-11D0-8D11-00A0C91BC942}") = "Breathalog", "Breathalog.vcxproj", "{094ADC23-8DBF-4C2B-BA34-EB59C8550DEE}"
EndProject
Global
	GlobalSection(SolutionConfigurationPlatforms) = preSolution
		Debug|x64 = Debug|x64
		Debug|x86 = Debug|x86
		Release|x64 = Release|x64
		Release|x86 = Release|x86
	EndGlobalSection
	GlobalSection(ProjectConfigurationPlatforms) = postSolution
		{094ADC23-8DBF-4C2B-BA34-EB59C8550DEE}.Debug|x64.ActiveCfg = Debug|x64
		{094ADC23-8DBF-4C2B-BA34-EB59C8550DEE}.Debug|x64.Build.0 = Debug|x64
		{094ADC23-8DBF-4C2B-BA34-EB59C8550DEE}.Debug|x86.ActiveCfg = Debug|Win32
		{094ADC23-8DBF-4C2B-BA34-EB59C8550DEE}.Debug|x86.Build.0 = Debug|Win32
		{094ADC23-8DBF-4C2B-BA34-EB59C8550DEE}.Release|x64.ActiveCfg = Release|x64
		{094ADC23-8DBF-4C2B-BA34-EB59C8550DEE}.Release|x64.Build.0 = Release|x64
		{094ADC23-8DBF-4C2B-BA34-EB59C8550DEE}.Release|x86.ActiveCfg = Release|Win32
		{094ADC23-8DBF-4C2B-BA34-EB59C8550DEE}.Release|x86.Build.0 = Release|Win32
	EndGlobalSection
	GlobalSection(SolutionProperties) = preSolution
		HideSolutionNode = FALSE
	EndGlobalSection
	GlobalSection(ExtensibilityGlobals) = postSolution
		SolutionGuid = {1E5EDE86-895C-4067-859F-1B6BEF834C0F}
	EndGlobalSection
EndGlobal
